
Microsoft Visual Studio Solution File, Format Version 12.00
# Visual Studio Version 17
VisualStudioVersion = 17.9.34701.34
MinimumVisualStudioVersion = 10.0.40219.1
Project("{FAE04EC0-301F-11D3-BF4B-00C04F79EFBC}") = "ManipulaArquivos", "ManipulaArquivos\ManipulaArquivos.csproj", "{4FCB1AFE-C7A0-4D68-B4B0-260756B1C32A}"
EndProject
Global
	GlobalSection(SolutionConfigurationPlatforms) = preSolution
		Debug|Any CPU = Debug|Any CPU
		Release|Any CPU = Release|Any CPU
	EndGlobalSection
	GlobalSection(ProjectConfigurationPlatforms) = postSolution
		{4FCB1AFE-C7A0-4D68-B4B0-260756B1C32A}.Debug|Any CPU.ActiveCfg = Debug|Any CPU
		{4FCB1AFE-C7A0-4D68-B4B0-260756B1C32A}.Debug|Any CPU.Build.0 = Debug|Any CPU
		{4FCB1AFE-C7A0-4D68-B4B0-260756B1C32A}.Release|Any CPU.ActiveCfg = Release|Any CPU
		{4FCB1AFE-C7A0-4D68-B4B0-260756B1C32A}.Release|Any CPU.Build.0 = Release|Any CPU
	EndGlobalSection
	GlobalSection(SolutionProperties) = preSolution
		HideSolutionNode = FALSE
	EndGlobalSection
	GlobalSection(ExtensibilityGlobals) = postSolution
		SolutionGuid = {0BA77C23-A706-48D2-8312-FF64D036E700}
	EndGlobalSection
EndGlobal
